// !$*UTF8*$!
{
	archiveVersion = 1;
	classes = {
	};
	objectVersion = 56;
	objects = {

/* Begin PBXBuildFile section */
		C10E93B42DA19320001D4AEA /* fetchProjectApp.swift in Sources */ = {isa = PBXBuildFile; fileRef = C10E93B32DA19320001D4AEA /* fetchProjectApp.swift */; };
		C10E93B62DA19320001D4AEA /* ContentView.swift in Sources */ = {isa = PBXBuildFile; fileRef = C10E93B52DA19320001D4AEA /* ContentView.swift */; };
		C10E93B82DA19322001D4AEA /* Assets.xcassets in Resources */ = {isa = PBXBuildFile; fileRef = C10E93B72DA19322001D4AEA /* Assets.xcassets */; };
		C10E93BB2DA19322001D4AEA /* Preview Assets.xcassets in Resources */ = {isa = PBXBuildFile; fileRef = C10E93BA2DA19322001D4AEA /* Preview Assets.xcassets */; };
		C10E93C52DA19322001D4AEA /* fetchProjectTests.swift in Sources */ = {isa = PBXBuildFile; fileRef = C10E93C42DA19322001D4AEA /* fetchProjectTests.swift */; };
		C10E93CF2DA19322001D4AEA /* fetchProjectUITests.swift in Sources */ = {isa = PBXBuildFile; fileRef = C10E93CE2DA19322001D4AEA /* fetchProjectUITests.swift */; };
		C10E93D12DA19322001D4AEA /* fetchProjectUITestsLaunchTests.swift in Sources */ = {isa = PBXBuildFile; fileRef = C10E93D02DA19322001D4AEA /* fetchProjectUITestsLaunchTests.swift */; };
		C10E93DE2DA19562001D4AEA /* RecipeModel.swift in Sources */ = {isa = PBXBuildFile; fileRef = C10E93DD2DA19562001D4AEA /* RecipeModel.swift */; };
		C10E93E02DA19781001D4AEA /* LaunchScreen.storyboard in Resources */ = {isa = PBXBuildFile; fileRef = C10E93DF2DA19781001D4AEA /* LaunchScreen.storyboard */; };
		C10E93E22DA19A76001D4AEA /* RecipesViewModel.swift in Sources */ = {isa = PBXBuildFile; fileRef = C10E93E12DA19A76001D4AEA /* RecipesViewModel.swift */; };
		C10E93E42DA1A07C001D4AEA /* RecipeList.swift in Sources */ = {isa = PBXBuildFile; fileRef = C10E93E32DA1A07C001D4AEA /* RecipeList.swift */; };
		C10E93E62DA1A0B2001D4AEA /* RecipeCard.swift in Sources */ = {isa = PBXBuildFile; fileRef = C10E93E52DA1A0B2001D4AEA /* RecipeCard.swift */; };
		C10E93E82DA1A109001D4AEA /* RecipeView.swift in Sources */ = {isa = PBXBuildFile; fileRef = C10E93E72DA1A109001D4AEA /* RecipeView.swift */; };
		C10E93EC2DA3F4C0001D4AEA /* ImageCacheManager.swift in Sources */ = {isa = PBXBuildFile; fileRef = C10E93EB2DA3F4C0001D4AEA /* ImageCacheManager.swift */; };
/* End PBXBuildFile section */

/* Begin PBXContainerItemProxy section */
		C10E93C12DA19322001D4AEA /* PBXContainerItemProxy */ = {
			isa = PBXContainerItemProxy;
			containerPortal = C10E93A82DA19320001D4AEA /* Project object */;
			proxyType = 1;
			remoteGlobalIDString = C10E93AF2DA19320001D4AEA;
			remoteInfo = fetchProject;
		};
		C10E93CB2DA19322001D4AEA /* PBXContainerItemProxy */ = {
			isa = PBXContainerItemProxy;
			containerPortal = C10E93A82DA19320001D4AEA /* Project object */;
			proxyType = 1;
			remoteGlobalIDString = C10E93AF2DA19320001D4AEA;
			remoteInfo = fetchProject;
		};
/* End PBXContainerItemProxy section */

/* Begin PBXFileReference section */
		C10E93B02DA19320001D4AEA /* fetchProject.app */ = {isa = PBXFileReference; explicitFileType = wrapper.application; includeInIndex = 0; path = fetchProject.app; sourceTree = BUILT_PRODUCTS_DIR; };
		C10E93B32DA19320001D4AEA /* fetchProjectApp.swift */ = {isa = PBXFileReference; lastKnownFileType = sourcecode.swift; path = fetchProjectApp.swift; sourceTree = "<group>"; };
		C10E93B52DA19320001D4AEA /* ContentView.swift */ = {isa = PBXFileReference; lastKnownFileType = sourcecode.swift; path = ContentView.swift; sourceTree = "<group>"; };
		C10E93B72DA19322001D4AEA /* Assets.xcassets */ = {isa = PBXFileReference; lastKnownFileType = folder.assetcatalog; path = Assets.xcassets; sourceTree = "<group>"; };
		C10E93BA2DA19322001D4AEA /* Preview Assets.xcassets */ = {isa = PBXFileReference; lastKnownFileType = folder.assetcatalog; path = "Preview Assets.xcassets"; sourceTree = "<group>"; };
		C10E93C02DA19322001D4AEA /* fetchProjectTests.xctest */ = {isa = PBXFileReference; explicitFileType = wrapper.cfbundle; includeInIndex = 0; path = fetchProjectTests.xctest; sourceTree = BUILT_PRODUCTS_DIR; };
		C10E93C42DA19322001D4AEA /* fetchProjectTests.swift */ = {isa = PBXFileReference; lastKnownFileType = sourcecode.swift; path = fetchProjectTests.swift; sourceTree = "<group>"; };
		C10E93CA2DA19322001D4AEA /* fetchProjectUITests.xctest */ = {isa = PBXFileReference; explicitFileType = wrapper.cfbundle; includeInIndex = 0; path = fetchProjectUITests.xctest; sourceTree = BUILT_PRODUCTS_DIR; };
		C10E93CE2DA19322001D4AEA /* fetchProjectUITests.swift */ = {isa = PBXFileReference; lastKnownFileType = sourcecode.swift; path = fetchProjectUITests.swift; sourceTree = "<group>"; };
		C10E93D02DA19322001D4AEA /* fetchProjectUITestsLaunchTests.swift */ = {isa = PBXFileReference; lastKnownFileType = sourcecode.swift; path = fetchProjectUITestsLaunchTests.swift; sourceTree = "<group>"; };
		C10E93DD2DA19562001D4AEA /* RecipeModel.swift */ = {isa = PBXFileReference; lastKnownFileType = sourcecode.swift; path = RecipeModel.swift; sourceTree = "<group>"; };
		C10E93DF2DA19781001D4AEA /* LaunchScreen.storyboard */ = {isa = PBXFileReference; lastKnownFileType = file.storyboard; path = LaunchScreen.storyboard; sourceTree = "<group>"; };
		C10E93E12DA19A76001D4AEA /* RecipesViewModel.swift */ = {isa = PBXFileReference; lastKnownFileType = sourcecode.swift; path = RecipesViewModel.swift; sourceTree = "<group>"; };
		C10E93E32DA1A07C001D4AEA /* RecipeList.swift */ = {isa = PBXFileReference; lastKnownFileType = sourcecode.swift; path = RecipeList.swift; sourceTree = "<group>"; };
		C10E93E52DA1A0B2001D4AEA /* RecipeCard.swift */ = {isa = PBXFileReference; lastKnownFileType = sourcecode.swift; path = RecipeCard.swift; sourceTree = "<group>"; };
		C10E93E72DA1A109001D4AEA /* RecipeView.swift */ = {isa = PBXFileReference; lastKnownFileType = sourcecode.swift; path = RecipeView.swift; sourceTree = "<group>"; };
		C10E93EB2DA3F4C0001D4AEA /* ImageCacheManager.swift */ = {isa = PBXFileReference; lastKnownFileType = sourcecode.swift; path = ImageCacheManager.swift; sourceTree = "<group>"; };
/* End PBXFileReference section */

/* Begin PBXFrameworksBuildPhase section */
		C10E93AD2DA19320001D4AEA /* Frameworks */ = {
			isa = PBXFrameworksBuildPhase;
			buildActionMask = 2147483647;
			files = (
			);
			runOnlyForDeploymentPostprocessing = 0;
		};
		C10E93BD2DA19322001D4AEA /* Frameworks */ = {
			isa = PBXFrameworksBuildPhase;
			buildActionMask = 2147483647;
			files = (
			);
			runOnlyForDeploymentPostprocessing = 0;
		};
		C10E93C72DA19322001D4AEA /* Frameworks */ = {
			isa = PBXFrameworksBuildPhase;
			buildActionMask = 2147483647;
			files = (
			);
			runOnlyForDeploymentPostprocessing = 0;
		};
/* End PBXFrameworksBuildPhase section */

/* Begin PBXGroup section */
		C10E93A72DA19320001D4AEA = {
			isa = PBXGroup;
			children = (
				C10E93B22DA19320001D4AEA /* fetchProject */,
				C10E93C32DA19322001D4AEA /* fetchProjectTests */,
				C10E93CD2DA19322001D4AEA /* fetchProjectUITests */,
				C10E93B12DA19320001D4AEA /* Products */,
			);
			sourceTree = "<group>";
		};
		C10E93B12DA19320001D4AEA /* Products */ = {
			isa = PBXGroup;
			children = (
				C10E93B02DA19320001D4AEA /* fetchProject.app */,
				C10E93C02DA19322001D4AEA /* fetchProjectTests.xctest */,
				C10E93CA2DA19322001D4AEA /* fetchProjectUITests.xctest */,
			);
			name = Products;
			sourceTree = "<group>";
		};
		C10E93B22DA19320001D4AEA /* fetchProject */ = {
			isa = PBXGroup;
			children = (
				C10E93DF2DA19781001D4AEA /* LaunchScreen.storyboard */,
				C10E93B32DA19320001D4AEA /* fetchProjectApp.swift */,
				C10E93E32DA1A07C001D4AEA /* RecipeList.swift */,
				C10E93E52DA1A0B2001D4AEA /* RecipeCard.swift */,
				C10E93EB2DA3F4C0001D4AEA /* ImageCacheManager.swift */,
				C10E93E72DA1A109001D4AEA /* RecipeView.swift */,
				C10E93DD2DA19562001D4AEA /* RecipeModel.swift */,
				C10E93E12DA19A76001D4AEA /* RecipesViewModel.swift */,
				C10E93B52DA19320001D4AEA /* ContentView.swift */,
				C10E93B72DA19322001D4AEA /* Assets.xcassets */,
				C10E93B92DA19322001D4AEA /* Preview Content */,
			);
			path = fetchProject;
			sourceTree = "<group>";
		};
		C10E93B92DA19322001D4AEA /* Preview Content */ = {
			isa = PBXGroup;
			children = (
				C10E93BA2DA19322001D4AEA /* Preview Assets.xcassets */,
			);
			path = "Preview Content";
			sourceTree = "<group>";
		};
		C10E93C32DA19322001D4AEA /* fetchProjectTests */ = {
			isa = PBXGroup;
			children = (
				C10E93C42DA19322001D4AEA /* fetchProjectTests.swift */,
			);
			path = fetchProjectTests;
			sourceTree = "<group>";
		};
		C10E93CD2DA19322001D4AEA /* fetchProjectUITests */ = {
			isa = PBXGroup;
			children = (
				C10E93CE2DA19322001D4AEA /* fetchProjectUITests.swift */,
				C10E93D02DA19322001D4AEA /* fetchProjectUITestsLaunchTests.swift */,
			);
			path = fetchProjectUITests;
			sourceTree = "<group>";
		};
/* End PBXGroup section */

/* Begin PBXNativeTarget section */
		C10E93AF2DA19320001D4AEA /* fetchProject */ = {
			isa = PBXNativeTarget;
			buildConfigurationList = C10E93D42DA19322001D4AEA /* Build configuration list for PBXNativeTarget "fetchProject" */;
			buildPhases = (
				C10E93AC2DA19320001D4AEA /* Sources */,
				C10E93AD2DA19320001D4AEA /* Frameworks */,
				C10E93AE2DA19320001D4AEA /* Resources */,
			);
			buildRules = (
			);
			dependencies = (
			);
			name = fetchProject;
			productName = fetchProject;
			productReference = C10E93B02DA19320001D4AEA /* fetchProject.app */;
			productType = "com.apple.product-type.application";
		};
		C10E93BF2DA19322001D4AEA /* fetchProjectTests */ = {
			isa = PBXNativeTarget;
			buildConfigurationList = C10E93D72DA19322001D4AEA /* Build configuration list for PBXNativeTarget "fetchProjectTests" */;
			buildPhases = (
				C10E93BC2DA19322001D4AEA /* Sources */,
				C10E93BD2DA19322001D4AEA /* Frameworks */,
				C10E93BE2DA19322001D4AEA /* Resources */,
			);
			buildRules = (
			);
			dependencies = (
				C10E93C22DA19322001D4AEA /* PBXTargetDependency */,
			);
			name = fetchProjectTests;
			productName = fetchProjectTests;
			productReference = C10E93C02DA19322001D4AEA /* fetchProjectTests.xctest */;
			productType = "com.apple.product-type.bundle.unit-test";
		};
		C10E93C92DA19322001D4AEA /* fetchProjectUITests */ = {
			isa = PBXNativeTarget;
			buildConfigurationList = C10E93DA2DA19322001D4AEA /* Build configuration list for PBXNativeTarget "fetchProjectUITests" */;
			buildPhases = (
				C10E93C62DA19322001D4AEA /* Sources */,
				C10E93C72DA19322001D4AEA /* Frameworks */,
				C10E93C82DA19322001D4AEA /* Resources */,
			);
			buildRules = (
			);
			dependencies = (
				C10E93CC2DA19322001D4AEA /* PBXTargetDependency */,
			);
			name = fetchProjectUITests;
			productName = fetchProjectUITests;
			productReference = C10E93CA2DA19322001D4AEA /* fetchProjectUITests.xctest */;
			productType = "com.apple.product-type.bundle.ui-testing";
		};
/* End PBXNativeTarget section */

/* Begin PBXProject section */
		C10E93A82DA19320001D4AEA /* Project object */ = {
			isa = PBXProject;
			attributes = {
				BuildIndependentTargetsInParallel = 1;
				LastSwiftUpdateCheck = 1530;
				LastUpgradeCheck = 1530;
				TargetAttributes = {
					C10E93AF2DA19320001D4AEA = {
						CreatedOnToolsVersion = 15.3;
					};
					C10E93BF2DA19322001D4AEA = {
						CreatedOnToolsVersion = 15.3;
						TestTargetID = C10E93AF2DA19320001D4AEA;
					};
					C10E93C92DA19322001D4AEA = {
						CreatedOnToolsVersion = 15.3;
						TestTargetID = C10E93AF2DA19320001D4AEA;
					};
				};
			};
			buildConfigurationList = C10E93AB2DA19320001D4AEA /* Build configuration list for PBXProject "fetchProject" */;
			compatibilityVersion = "Xcode 14.0";
			developmentRegion = en;
			hasScannedForEncodings = 0;
			knownRegions = (
				en,
				Base,
			);
			mainGroup = C10E93A72DA19320001D4AEA;
			productRefGroup = C10E93B12DA19320001D4AEA /* Products */;
			projectDirPath = "";
			projectRoot = "";
			targets = (
				C10E93AF2DA19320001D4AEA /* fetchProject */,
				C10E93BF2DA19322001D4AEA /* fetchProjectTests */,
				C10E93C92DA19322001D4AEA /* fetchProjectUITests */,
			);
		};
/* End PBXProject section */

/* Begin PBXResourcesBuildPhase section */
		C10E93AE2DA19320001D4AEA /* Resources */ = {
			isa = PBXResourcesBuildPhase;
			buildActionMask = 2147483647;
			files = (
				C10E93E02DA19781001D4AEA /* LaunchScreen.storyboard in Resources */,
				C10E93BB2DA19322001D4AEA /* Preview Assets.xcassets in Resources */,
				C10E93B82DA19322001D4AEA /* Assets.xcassets in Resources */,
			);
			runOnlyForDeploymentPostprocessing = 0;
		};
		C10E93BE2DA19322001D4AEA /* Resources */ = {
			isa = PBXResourcesBuildPhase;
			buildActionMask = 2147483647;
			files = (
			);
			runOnlyForDeploymentPostprocessing = 0;
		};
		C10E93C82DA19322001D4AEA /* Resources */ = {
			isa = PBXResourcesBuildPhase;
			buildActionMask = 2147483647;
			files = (
			);
			runOnlyForDeploymentPostprocessing = 0;
		};
/* End PBXResourcesBuildPhase section */

/* Begin PBXSourcesBuildPhase section */
		C10E93AC2DA19320001D4AEA /* Sources */ = {
			isa = PBXSourcesBuildPhase;
			buildActionMask = 2147483647;
			files = (
				C10E93E22DA19A76001D4AEA /* RecipesViewModel.swift in Sources */,
				C10E93B62DA19320001D4AEA /* ContentView.swift in Sources */,
				C10E93E42DA1A07C001D4AEA /* RecipeList.swift in Sources */,
				C10E93E82DA1A109001D4AEA /* RecipeView.swift in Sources */,
				C10E93EC2DA3F4C0001D4AEA /* ImageCacheManager.swift in Sources */,
				C10E93B42DA19320001D4AEA /* fetchProjectApp.swift in Sources */,
				C10E93DE2DA19562001D4AEA /* RecipeModel.swift in Sources */,
				C10E93E62DA1A0B2001D4AEA /* RecipeCard.swift in Sources */,
			);
			runOnlyForDeploymentPostprocessing = 0;
		};
		C10E93BC2DA19322001D4AEA /* Sources */ = {
			isa = PBXSourcesBuildPhase;
			buildActionMask = 2147483647;
			files = (
				C10E93C52DA19322001D4AEA /* fetchProjectTests.swift in Sources */,
			);
			runOnlyForDeploymentPostprocessing = 0;
		};
		C10E93C62DA19322001D4AEA /* Sources */ = {
			isa = PBXSourcesBuildPhase;
			buildActionMask = 2147483647;
			files = (
				C10E93CF2DA19322001D4AEA /* fetchProjectUITests.swift in Sources */,
				C10E93D12DA19322001D4AEA /* fetchProjectUITestsLaunchTests.swift in Sources */,
			);
			runOnlyForDeploymentPostprocessing = 0;
		};
/* End PBXSourcesBuildPhase section */

/* Begin PBXTargetDependency section */
		C10E93C22DA19322001D4AEA /* PBXTargetDependency */ = {
			isa = PBXTargetDependency;
			target = C10E93AF2DA19320001D4AEA /* fetchProject */;
			targetProxy = C10E93C12DA19322001D4AEA /* PBXContainerItemProxy */;
		};
		C10E93CC2DA19322001D4AEA /* PBXTargetDependency */ = {
			isa = PBXTargetDependency;
			target = C10E93AF2DA19320001D4AEA /* fetchProject */;
			targetProxy = C10E93CB2DA19322001D4AEA /* PBXContainerItemProxy */;
		};
/* End PBXTargetDependency section */

/* Begin XCBuildConfiguration section */
		C10E93D22DA19322001D4AEA /* Debug */ = {
			isa = XCBuildConfiguration;
			buildSettings = {
				ALWAYS_SEARCH_USER_PATHS = NO;
				ASSETCATALOG_COMPILER_GENERATE_SWIFT_ASSET_SYMBOL_EXTENSIONS = YES;
				CLANG_ANALYZER_NONNULL = YES;
				CLANG_ANALYZER_NUMBER_OBJECT_CONVERSION = YES_AGGRESSIVE;
				CLANG_CXX_LANGUAGE_STANDARD = "gnu++20";
				CLANG_ENABLE_MODULES = YES;
				CLANG_ENABLE_OBJC_ARC = YES;
				CLANG_ENABLE_OBJC_WEAK = YES;
				CLANG_WARN_BLOCK_CAPTURE_AUTORELEASING = YES;
				CLANG_WARN_BOOL_CONVERSION = YES;
				CLANG_WARN_COMMA = YES;
				CLANG_WARN_CONSTANT_CONVERSION = YES;
				CLANG_WARN_DEPRECATED_OBJC_IMPLEMENTATIONS = YES;
				CLANG_WARN_DIRECT_OBJC_ISA_USAGE = YES_ERROR;
				CLANG_WARN_DOCUMENTATION_COMMENTS = YES;
				CLANG_WARN_EMPTY_BODY = YES;
				CLANG_WARN_ENUM_CONVERSION = YES;
				CLANG_WARN_INFINITE_RECURSION = YES;
				CLANG_WARN_INT_CONVERSION = YES;
				CLANG_WARN_NON_LITERAL_NULL_CONVERSION = YES;
				CLANG_WARN_OBJC_IMPLICIT_RETAIN_SELF = YES;
				CLANG_WARN_OBJC_LITERAL_CONVERSION = YES;
				CLANG_WARN_OBJC_ROOT_CLASS = YES_ERROR;
				CLANG_WARN_QUOTED_INCLUDE_IN_FRAMEWORK_HEADER = YES;
				CLANG_WARN_RANGE_LOOP_ANALYSIS = YES;
				CLANG_WARN_STRICT_PROTOTYPES = YES;
				CLANG_WARN_SUSPICIOUS_MOVE = YES;
				CLANG_WARN_UNGUARDED_AVAILABILITY = YES_AGGRESSIVE;
				CLANG_WARN_UNREACHABLE_CODE = YES;
				CLANG_WARN__DUPLICATE_METHOD_MATCH = YES;
				COPY_PHASE_STRIP = NO;
				DEBUG_INFORMATION_FORMAT = dwarf;
				ENABLE_STRICT_OBJC_MSGSEND = YES;
				ENABLE_TESTABILITY = YES;
				ENABLE_USER_SCRIPT_SANDBOXING = YES;
				GCC_C_LANGUAGE_STANDARD = gnu17;
				GCC_DYNAMIC_NO_PIC = NO;
				GCC_NO_COMMON_BLOCKS = YES;
				GCC_OPTIMIZATION_LEVEL = 0;
				GCC_PREPROCESSOR_DEFINITIONS = (
					"DEBUG=1",
					"$(inherited)",
				);
				GCC_WARN_64_TO_32_BIT_CONVERSION = YES;
				GCC_WARN_ABOUT_RETURN_TYPE = YES_ERROR;
				GCC_WARN_UNDECLARED_SELECTOR = YES;
				GCC_WARN_UNINITIALIZED_AUTOS = YES_AGGRESSIVE;
				GCC_WARN_UNUSED_FUNCTION = YES;
				GCC_WARN_UNUSED_VARIABLE = YES;
				IPHONEOS_DEPLOYMENT_TARGET = 17.4;
				LOCALIZATION_PREFERS_STRING_CATALOGS = YES;
				MTL_ENABLE_DEBUG_INFO = INCLUDE_SOURCE;
				MTL_FAST_MATH = YES;
				ONLY_ACTIVE_ARCH = YES;
				SDKROOT = iphoneos;
				SWIFT_ACTIVE_COMPILATION_CONDITIONS = "DEBUG $(inherited)";
				SWIFT_OPTIMIZATION_LEVEL = "-Onone";
			};
			name = Debug;
		};
		C10E93D32DA19322001D4AEA /* Release */ = {
			isa = XCBuildConfiguration;
			buildSettings = {
				ALWAYS_SEARCH_USER_PATHS = NO;
				ASSETCATALOG_COMPILER_GENERATE_SWIFT_ASSET_SYMBOL_EXTENSIONS = YES;
				CLANG_ANALYZER_NONNULL = YES;
				CLANG_ANALYZER_NUMBER_OBJECT_CONVERSION = YES_AGGRESSIVE;
				CLANG_CXX_LANGUAGE_STANDARD = "gnu++20";
				CLANG_ENABLE_MODULES = YES;
				CLANG_ENABLE_OBJC_ARC = YES;
				CLANG_ENABLE_OBJC_WEAK = YES;
				CLANG_WARN_BLOCK_CAPTURE_AUTORELEASING = YES;
				CLANG_WARN_BOOL_CONVERSION = YES;
				CLANG_WARN_COMMA = YES;
				CLANG_WARN_CONSTANT_CONVERSION = YES;
				CLANG_WARN_DEPRECATED_OBJC_IMPLEMENTATIONS = YES;
				CLANG_WARN_DIRECT_OBJC_ISA_USAGE = YES_ERROR;
				CLANG_WARN_DOCUMENTATION_COMMENTS = YES;
				CLANG_WARN_EMPTY_BODY = YES;
				CLANG_WARN_ENUM_CONVERSION = YES;
				CLANG_WARN_INFINITE_RECURSION = YES;
				CLANG_WARN_INT_CONVERSION = YES;
				CLANG_WARN_NON_LITERAL_NULL_CONVERSION = YES;
				CLANG_WARN_OBJC_IMPLICIT_RETAIN_SELF = YES;
				CLANG_WARN_OBJC_LITERAL_CONVERSION = YES;
				CLANG_WARN_OBJC_ROOT_CLASS = YES_ERROR;
				CLANG_WARN_QUOTED_INCLUDE_IN_FRAMEWORK_HEADER = YES;
				CLANG_WARN_RANGE_LOOP_ANALYSIS = YES;
				CLANG_WARN_STRICT_PROTOTYPES = YES;
				CLANG_WARN_SUSPICIOUS_MOVE = YES;
				CLANG_WARN_UNGUARDED_AVAILABILITY = YES_AGGRESSIVE;
				CLANG_WARN_UNREACHABLE_CODE = YES;
				CLANG_WARN__DUPLICATE_METHOD_MATCH = YES;
				COPY_PHASE_STRIP = NO;
				DEBUG_INFORMATION_FORMAT = "dwarf-with-dsym";
				ENABLE_NS_ASSERTIONS = NO;
				ENABLE_STRICT_OBJC_MSGSEND = YES;
				ENABLE_USER_SCRIPT_SANDBOXING = YES;
				GCC_C_LANGUAGE_STANDARD = gnu17;
				GCC_NO_COMMON_BLOCKS = YES;
				GCC_WARN_64_TO_32_BIT_CONVERSION = YES;
				GCC_WARN_ABOUT_RETURN_TYPE = YES_ERROR;
				GCC_WARN_UNDECLARED_SELECTOR = YES;
				GCC_WARN_UNINITIALIZED_AUTOS = YES_AGGRESSIVE;
				GCC_WARN_UNUSED_FUNCTION = YES;
				GCC_WARN_UNUSED_VARIABLE = YES;
				IPHONEOS_DEPLOYMENT_TARGET = 17.4;
				LOCALIZATION_PREFERS_STRING_CATALOGS = YES;
				MTL_ENABLE_DEBUG_INFO = NO;
				MTL_FAST_MATH = YES;
				SDKROOT = iphoneos;
				SWIFT_COMPILATION_MODE = wholemodule;
				VALIDATE_PRODUCT = YES;
			};
			name = Release;
		};
		C10E93D52DA19322001D4AEA /* Debug */ = {
			isa = XCBuildConfiguration;
			buildSettings = {
				ASSETCATALOG_COMPILER_APPICON_NAME = AppIcon;
				ASSETCATALOG_COMPILER_GLOBAL_ACCENT_COLOR_NAME = AccentColor;
				CODE_SIGN_STYLE = Automatic;
				CURRENT_PROJECT_VERSION = 1;
				DEVELOPMENT_ASSET_PATHS = "\"fetchProject/Preview Content\"";
				ENABLE_PREVIEWS = YES;
				GENERATE_INFOPLIST_FILE = YES;
				INFOPLIST_KEY_UIApplicationSceneManifest_Generation = YES;
				INFOPLIST_KEY_UIApplicationSupportsIndirectInputEvents = YES;
				INFOPLIST_KEY_UILaunchScreen_Generation = YES;
				INFOPLIST_KEY_UILaunchStoryboardName = LaunchScreen.storyboard;
				INFOPLIST_KEY_UISupportedInterfaceOrientations_iPad = "UIInterfaceOrientationPortrait UIInterfaceOrientationPortraitUpsideDown UIInterfaceOrientationLandscapeLeft UIInterfaceOrientationLandscapeRight";
				INFOPLIST_KEY_UISupportedInterfaceOrientations_iPhone = "UIInterfaceOrientationPortrait UIInterfaceOrientationLandscapeLeft UIInterfaceOrientationLandscapeRight";
				LD_RUNPATH_SEARCH_PATHS = (
					"$(inherited)",
					"@executable_path/Frameworks",
				);
				MARKETING_VERSION = 1.0;
				PRODUCT_BUNDLE_IDENTIFIER = com.dubbie.fetchProject;
				PRODUCT_NAME = "$(TARGET_NAME)";
				SWIFT_EMIT_LOC_STRINGS = YES;
				SWIFT_VERSION = 5.0;
				TARGETED_DEVICE_FAMILY = "1,2";
			};
			name = Debug;
		};
		C10E93D62DA19322001D4AEA /* Release */ = {
			isa = XCBuildConfiguration;
			buildSettings = {
				ASSETCATALOG_COMPILER_APPICON_NAME = AppIcon;
				ASSETCATALOG_COMPILER_GLOBAL_ACCENT_COLOR_NAME = AccentColor;
				CODE_SIGN_STYLE = Automatic;
				CURRENT_PROJECT_VERSION = 1;
				DEVELOPMENT_ASSET_PATHS = "\"fetchProject/Preview Content\"";
				ENABLE_PREVIEWS = YES;
				GENERATE_INFOPLIST_FILE = YES;
				INFOPLIST_KEY_UIApplicationSceneManifest_Generation = YES;
				INFOPLIST_KEY_UIApplicationSupportsIndirectInputEvents = YES;
				INFOPLIST_KEY_UILaunchScreen_Generation = YES;
				INFOPLIST_KEY_UILaunchStoryboardName = LaunchScreen.storyboard;
				INFOPLIST_KEY_UISupportedInterfaceOrientations_iPad = "UIInterfaceOrientationPortrait UIInterfaceOrientationPortraitUpsideDown UIInterfaceOrientationLandscapeLeft UIInterfaceOrientationLandscapeRight";
				INFOPLIST_KEY_UISupportedInterfaceOrientations_iPhone = "UIInterfaceOrientationPortrait UIInterfaceOrientationLandscapeLeft UIInterfaceOrientationLandscapeRight";
				LD_RUNPATH_SEARCH_PATHS = (
					"$(inherited)",
					"@executable_path/Frameworks",
				);
				MARKETING_VERSION = 1.0;
				PRODUCT_BUNDLE_IDENTIFIER = com.dubbie.fetchProject;
				PRODUCT_NAME = "$(TARGET_NAME)";
				SWIFT_EMIT_LOC_STRINGS = YES;
				SWIFT_VERSION = 5.0;
				TARGETED_DEVICE_FAMILY = "1,2";
			};
			name = Release;
		};
		C10E93D82DA19322001D4AEA /* Debug */ = {
			isa = XCBuildConfiguration;
			buildSettings = {
				ALWAYS_EMBED_SWIFT_STANDARD_LIBRARIES = YES;
				BUNDLE_LOADER = "$(TEST_HOST)";
				CODE_SIGN_STYLE = Automatic;
				CURRENT_PROJECT_VERSION = 1;
				GENERATE_INFOPLIST_FILE = YES;
				IPHONEOS_DEPLOYMENT_TARGET = 17.4;
				MARKETING_VERSION = 1.0;
				PRODUCT_BUNDLE_IDENTIFIER = com.dubbie.fetchProjectTests;
				PRODUCT_NAME = "$(TARGET_NAME)";
				SWIFT_EMIT_LOC_STRINGS = NO;
				SWIFT_VERSION = 5.0;
				TARGETED_DEVICE_FAMILY = "1,2";
				TEST_HOST = "$(BUILT_PRODUCTS_DIR)/fetchProject.app/$(BUNDLE_EXECUTABLE_FOLDER_PATH)/fetchProject";
			};
			name = Debug;
		};
		C10E93D92DA19322001D4AEA /* Release */ = {
			isa = XCBuildConfiguration;
			buildSettings = {
				ALWAYS_EMBED_SWIFT_STANDARD_LIBRARIES = YES;
				BUNDLE_LOADER = "$(TEST_HOST)";
				CODE_SIGN_STYLE = Automatic;
				CURRENT_PROJECT_VERSION = 1;
				GENERATE_INFOPLIST_FILE = YES;
				IPHONEOS_DEPLOYMENT_TARGET = 17.4;
				MARKETING_VERSION = 1.0;
				PRODUCT_BUNDLE_IDENTIFIER = com.dubbie.fetchProjectTests;
				PRODUCT_NAME = "$(TARGET_NAME)";
				SWIFT_EMIT_LOC_STRINGS = NO;
				SWIFT_VERSION = 5.0;
				TARGETED_DEVICE_FAMILY = "1,2";
				TEST_HOST = "$(BUILT_PRODUCTS_DIR)/fetchProject.app/$(BUNDLE_EXECUTABLE_FOLDER_PATH)/fetchProject";
			};
			name = Release;
		};
		C10E93DB2DA19322001D4AEA /* Debug */ = {
			isa = XCBuildConfiguration;
			buildSettings = {
				ALWAYS_EMBED_SWIFT_STANDARD_LIBRARIES = YES;
				CODE_SIGN_STYLE = Automatic;
				CURRENT_PROJECT_VERSION = 1;
				GENERATE_INFOPLIST_FILE = YES;
				MARKETING_VERSION = 1.0;
				PRODUCT_BUNDLE_IDENTIFIER = com.dubbie.fetchProjectUITests;
				PRODUCT_NAME = "$(TARGET_NAME)";
				SWIFT_EMIT_LOC_STRINGS = NO;
				SWIFT_VERSION = 5.0;
				TARGETED_DEVICE_FAMILY = "1,2";
				TEST_TARGET_NAME = fetchProject;
			};
			name = Debug;
		};
		C10E93DC2DA19322001D4AEA /* Release */ = {
			isa = XCBuildConfiguration;
			buildSettings = {
				ALWAYS_EMBED_SWIFT_STANDARD_LIBRARIES = YES;
				CODE_SIGN_STYLE = Automatic;
				CURRENT_PROJECT_VERSION = 1;
				GENERATE_INFOPLIST_FILE = YES;
				MARKETING_VERSION = 1.0;
				PRODUCT_BUNDLE_IDENTIFIER = com.dubbie.fetchProjectUITests;
				PRODUCT_NAME = "$(TARGET_NAME)";
				SWIFT_EMIT_LOC_STRINGS = NO;
				SWIFT_VERSION = 5.0;
				TARGETED_DEVICE_FAMILY = "1,2";
				TEST_TARGET_NAME = fetchProject;
			};
			name = Release;
		};
/* End XCBuildConfiguration section */

/* Begin XCConfigurationList section */
		C10E93AB2DA19320001D4AEA /* Build configuration list for PBXProject "fetchProject" */ = {
			isa = XCConfigurationList;
			buildConfigurations = (
				C10E93D22DA19322001D4AEA /* Debug */,
				C10E93D32DA19322001D4AEA /* Release */,
			);
			defaultConfigurationIsVisible = 0;
			defaultConfigurationName = Release;
		};
		C10E93D42DA19322001D4AEA /* Build configuration list for PBXNativeTarget "fetchProject" */ = {
			isa = XCConfigurationList;
			buildConfigurations = (
				C10E93D52DA19322001D4AEA /* Debug */,
				C10E93D62DA19322001D4AEA /* Release */,
			);
			defaultConfigurationIsVisible = 0;
			defaultConfigurationName = Release;
		};
		C10E93D72DA19322001D4AEA /* Build configuration list for PBXNativeTarget "fetchProjectTests" */ = {
			isa = XCConfigurationList;
			buildConfigurations = (
				C10E93D82DA19322001D4AEA /* Debug */,
				C10E93D92DA19322001D4AEA /* Release */,
			);
			defaultConfigurationIsVisible = 0;
			defaultConfigurationName = Release;
		};
		C10E93DA2DA19322001D4AEA /* Build configuration list for PBXNativeTarget "fetchProjectUITests" */ = {
			isa = XCConfigurationList;
			buildConfigurations = (
				C10E93DB2DA19322001D4AEA /* Debug */,
				C10E93DC2DA19322001D4AEA /* Release */,
			);
			defaultConfigurationIsVisible = 0;
			defaultConfigurationName = Release;
		};
/* End XCConfigurationList section */
	};
	rootObject = C10E93A82DA19320001D4AEA /* Project object */;
}
